{
  "name": "kotlinnodelibrary",
  "version": "1.0.0",
  "lockfileVersion": 1,
  "requires": true,
  "dependencies": {
    "abort-controller": {
      "version": "3.0.0",
      "resolved": "https://registry.npmjs.org/abort-controller/-/abort-controller-3.0.0.tgz",
      "integrity": "sha512-h8lQ8tacZYnR3vNQTgibj+tODHI5/+l06Au2Pcriv/Gmet0eaj4TwWH41sO9wnHDiQsEj19q0drzdWdeAHtweg==",
      "requires": {
        "event-target-shim": "^5.0.0"
      }
    },
    "async-limiter": {
      "version": "1.0.1",
      "resolved": "https://registry.npmjs.org/async-limiter/-/async-limiter-1.0.1.tgz",
      "integrity": "sha512-csOlWGAcRFJaI6m+F2WKdnMKr4HhdhFVBk0H/QbJFMCr+uO2kwohwXQPxw/9OCxp05r5ghVBFSyioixx3gfkNQ=="
    },
    "event-target-shim": {
      "version": "5.0.1",
      "resolved": "https://registry.npmjs.org/event-target-shim/-/event-target-shim-5.0.1.tgz",
      "integrity": "sha512-i/2XbnSz/uxRCU6+NdVJgKWDTM427+MqYbkQzD321DuCQJUqOuJKIA0IM2+W2xtYHdKOmZ4dR6fExsd4SXL+WQ=="
    },
    "kotlin": {
      "version": "1.4.21",
      "resolved": "https://registry.npmjs.org/kotlin/-/kotlin-1.4.21.tgz",
      "integrity": "sha512-1pPlo8V/GzLNhYstyHkDPdiJfp8/zjpv6fIqTVdQwauahaSJ1iZNJ/syIpZ0VI4gPm4lmRZwu13mduuxuCANRw=="
    },
    "kotlinx-coroutines-core": {
      "version": "1.4.2",
      "resolved": "https://registry.npmjs.org/kotlinx-coroutines-core/-/kotlinx-coroutines-core-1.4.2.tgz",
      "integrity": "sha512-UmrLVhDzCdv665UmLT4vyQK+Uch97jG686NuzxqfC2zdjcO6/kOJihpCBNWnN80ifuUuKHslRVvuGIKlhaSNEQ=="
    },
    "kotlinx-serialization-kotlinx-serialization-core-jslegacy": {
      "version": "1.0.0-RC",
      "resolved": "https://registry.npmjs.org/kotlinx-serialization-kotlinx-serialization-core-jslegacy/-/kotlinx-serialization-kotlinx-serialization-core-jslegacy-1.0.0-RC.tgz",
      "integrity": "sha512-qaOE3mnFDi+01y/WPSu3DbJZrXo74YaQaa++KJGo/piax4RktonaF5zHBrpQ02qwCf74d8i5AE1aEGDjka9XGg=="
    },
    "ktor-ktor-client-core-jslegacy": {
      "version": "1.4.1",
      "resolved": "https://registry.npmjs.org/ktor-ktor-client-core-jslegacy/-/ktor-ktor-client-core-jslegacy-1.4.1.tgz",
      "integrity": "sha512-TgnuSgyU0dkIKPE+Os7EGNWBEihyFjpkj3Rb2doA6rnnXJ4zFELg2ZZegj+dYEJQYdcSeuQDU0RUcy4aqVbNiA==",
      "requires": {
        "abort-controller": "3.0.0",
        "node-fetch": "2.6.0",
        "text-encoding": "0.7.0",
        "ws": "6.2.1"
      }
    },
    "ktor-ktor-client-json-jslegacy": {
      "version": "1.4.1",
      "resolved": "https://registry.npmjs.org/ktor-ktor-client-json-jslegacy/-/ktor-ktor-client-json-jslegacy-1.4.1.tgz",
      "integrity": "sha512-t5Awda1RcaxHwY2xHpQ3d8GIl/q1BBRPpxmufILDIQNVYdZ90i6cJZ5kgOq82rfU56WT9w2OWkE9CK3+lx/AnA==",
      "requires": {
        "text-encoding": "0.7.0"
      }
    },
    "ktor-ktor-client-serialization-jslegacy": {
      "version": "1.4.1",
      "resolved": "https://registry.npmjs.org/ktor-ktor-client-serialization-jslegacy/-/ktor-ktor-client-serialization-jslegacy-1.4.1.tgz",
      "integrity": "sha512-UZffLYrLdfoBu02rO+mFJ7LNGJ6T9jXxWpf0LaMu4ecASqivEMdeiAkgHVQQIIUAFuSxX3TY+d5mpNiX+cmFFQ==",
      "requires": {
        "text-encoding": "0.7.0"
      }
    },
    "ktor-ktor-http-cio-jslegacy": {
      "version": "1.4.1",
      "resolved": "https://registry.npmjs.org/ktor-ktor-http-cio-jslegacy/-/ktor-ktor-http-cio-jslegacy-1.4.1.tgz",
      "integrity": "sha512-HuK0uuq05gp9U15kj5aljTSEXZFlOSgKWZHrMOpjtPWNN/NgDKN3jCAP94Ou6QkTjy3Gsj6/kEzEnJ14bI6AjA==",
      "requires": {
        "text-encoding": "0.7.0"
      }
    },
    "ktor-ktor-http-jslegacy": {
      "version": "1.4.1",
      "resolved": "https://registry.npmjs.org/ktor-ktor-http-jslegacy/-/ktor-ktor-http-jslegacy-1.4.1.tgz",
      "integrity": "sha512-hrKBWfT3SJCqLHxgLUa7QLs4zBsb9wbDF0A1epCj2jjxOq0RkdTz9jvkRw6JC5IbmiVJPaNMj/oUcFJAdGMdtA==",
      "requires": {
        "text-encoding": "0.7.0"
      }
    },
    "ktor-ktor-io-jslegacy": {
      "version": "1.4.1",
      "resolved": "https://registry.npmjs.org/ktor-ktor-io-jslegacy/-/ktor-ktor-io-jslegacy-1.4.1.tgz",
      "integrity": "sha512-/eWqIpVn0M+PcqhlmkzKHavf1Ls6iaY2burUeww2+XpHeyp7gwhQ5Sq0v5ZUaa5RAvOHIFPHLHlEvq0DNzJL5A==",
      "requires": {
        "text-encoding": "0.7.0"
      }
    },
    "ktor-ktor-utils-jslegacy": {
      "version": "1.4.1",
      "resolved": "https://registry.npmjs.org/ktor-ktor-utils-jslegacy/-/ktor-ktor-utils-jslegacy-1.4.1.tgz",
      "integrity": "sha512-3dLacDpZ0vrCkJzuWAXlYv3Cra+0UX8kBZVdjMCXrz5vCGX03x8rtYinuHH+lW7cQ9VDS+Cp38YznV+/xCDZ+A==",
      "requires": {
        "text-encoding": "0.7.0"
      }
    },
    "node-fetch": {
      "version": "2.6.0",
      "resolved": "https://registry.npmjs.org/node-fetch/-/node-fetch-2.6.0.tgz",
      "integrity": "sha512-8dG4H5ujfvFiqDmVu9fQ5bOHUC15JMjMY/Zumv26oOvvVJjM67KF8koCWIabKQ1GJIa9r2mMZscBq/TbdOcmNA=="
    },
    "text-encoding": {
      "version": "0.7.0",
      "resolved": "https://registry.npmjs.org/text-encoding/-/text-encoding-0.7.0.tgz",
      "integrity": "sha512-oJQ3f1hrOnbRLOcwKz0Liq2IcrvDeZRHXhd9RgLrsT+DjWY/nty1Hi7v3dtkaEYbPYe0mUoOfzRrMwfXXwgPUA=="
    },
    "ws": {
      "version": "6.2.1",
      "resolved": "https://registry.npmjs.org/ws/-/ws-6.2.1.tgz",
      "integrity": "sha512-GIyAXC2cB7LjvpgMt9EKS2ldqr0MTrORaleiOno6TweZ6r3TKtoFQWay/2PceJ3RuBasOHzXNn5Lrw1X0bEjqA==",
      "requires": {
        "async-limiter": "~1.0.0"
      }
    }
  }
}
