{
  "name": "kotlinnodelibrary",
  "version": "1.0.0",
  "lockfileVersion": 1,
  "requires": true,
  "dependencies": {
    "kotlin": {
      "version": "1.4.21",
      "resolved": "https://registry.npmjs.org/kotlin/-/kotlin-1.4.21.tgz",
      "integrity": "sha512-1pPlo8V/GzLNhYstyHkDPdiJfp8/zjpv6fIqTVdQwauahaSJ1iZNJ/syIpZ0VI4gPm4lmRZwu13mduuxuCANRw=="
    }
  }
}
